version: 6
environments:
  default:
    channels:
    - url: https://conda.anaconda.org/conda-forge/
    indexes:
    - https://pypi.org/simple
    options:
      pypi-prerelease-mode: if-necessary-or-explicit
    packages:
      win-64:
      - conda: https://conda.anaconda.org/conda-forge/win-64/bzip2-1.0.8-h0ad9c76_9.conda
      - conda: https://conda.anaconda.org/conda-forge/noarch/ca-certificates-2026.4.22-h4c7d964_0.conda
      - conda: https://conda.anaconda.org/conda-forge/win-64/libexpat-2.8.0-hac47afa_0.conda
      - conda: https://conda.anaconda.org/conda-forge/win-64/libffi-3.5.2-h3d046cb_0.conda
      - conda: https://conda.anaconda.org/conda-forge/win-64/liblzma-5.8.3-hfd05255_0.conda
      - conda: https://conda.anaconda.org/conda-forge/win-64/libsqlite-3.53.1-hf5d6505_0.conda
      - conda: https://conda.anaconda.org/conda-forge/win-64/libzlib-1.3.2-hfd05255_2.conda
      - conda: https://conda.anaconda.org/conda-forge/win-64/openssl-3.6.2-hf411b9b_0.conda
      - conda: https://conda.anaconda.org/conda-forge/win-64/python-3.12.13-h0159041_0_cpython.conda
      - conda: https://conda.anaconda.org/conda-forge/win-64/tk-8.6.13-h6ed50ae_3.conda
      - conda: https://conda.anaconda.org/conda-forge/noarch/tzdata-2025c-hc9c84f9_1.conda
      - conda: https://conda.anaconda.org/conda-forge/win-64/ucrt-10.0.26100.0-h57928b3_0.conda
      - conda: https://conda.anaconda.org/conda-forge/win-64/vc-14.5-h1b7c187_36.conda
      - conda: https://conda.anaconda.org/conda-forge/win-64/vc14_runtime-14.51.36231-h1b9f54f_36.conda
      - conda: https://conda.anaconda.org/conda-forge/win-64/vcomp14-14.51.36231-h1b9f54f_36.conda
      - pypi: https://files.pythonhosted.org/packages/64/a8/c09fbe44b12fa919c5bfe0afb71e60d1231a7dc93405e54c30496c57c9d3/arviz-1.1.0-py3-none-any.whl
      - pypi: https://files.pythonhosted.org/packages/69/d1/705e6c19b437a4105bf3b9ae7945fcfc3ad2abb73d14bae0a3f2d58b305b/arviz_base-1.1.0-py3-none-any.whl
      - pypi: https://files.pythonhosted.org/packages/2f/c8/005d1de3af80f54411703d1263a0b9d31276411ec9f273d9432c59b17299/arviz_plots-1.1.0-py3-none-any.whl
      - pypi: https://files.pythonhosted.org/packages/0d/1f/d398de1612f7a611e22d743280339c9af4903675635e41be3370091c704b/arviz_stats-1.1.0-py3-none-any.whl
      - pypi: https://files.pythonhosted.org/packages/90/45/f458fa2c388e79dd9d8b9b0c99f1d31b568f27388f2fdba7bb66bbc0c6ed/cachetools-6.2.6-py3-none-any.whl
      - pypi: https://files.pythonhosted.org/packages/88/39/799be3f2f0f38cc727ee3b4f1445fe6d5e4133064ec2e4115069418a5bb6/cloudpickle-3.1.2-py3-none-any.whl
      - pypi: https://files.pythonhosted.org/packages/a5/9f/bffa3362895e5437d9d12e3bbd242f86d91af1d7cd26f6e14ebb6376581b/cons-0.4.7-py3-none-any.whl
      - pypi: https://files.pythonhosted.org/packages/19/e8/6026ed58a64563186a9ee3f29f41261fd1828f527dd93d33b60feca63352/contourpy-1.3.3-cp312-cp312-win_amd64.whl
      - pypi: https://files.pythonhosted.org/packages/e7/05/c19819d5e3d95294a6f5947fb9b9629efb316b96de511b418c53d245aae6/cycler-0.12.1-py3-none-any.whl
      - pypi: https://files.pythonhosted.org/packages/39/19/bf11636df040a9f9c3fd6959aedea5b5cfddd751272732278fb04ee0a78c/etuples-0.3.10-py3-none-any.whl
      - pypi: https://files.pythonhosted.org/packages/81/47/dd9a212ef6e343a6857485ffe25bba537304f1913bdbed446a23f7f592e1/filelock-3.29.0-py3-none-any.whl
      - pypi: https://files.pythonhosted.org/packages/87/36/cccb9bc2a6ab63d1b2980374f0dca72ce95ae267c9b4cfe77455bb70d0d4/fonttools-4.63.0-cp312-cp312-win_amd64.whl
      - pypi: https://files.pythonhosted.org/packages/ad/cf/0348374369ca588f8fe9c338fae49fa4e16eeb10ffb3d012f23a54578a9e/kiwisolver-1.5.0-cp312-cp312-win_amd64.whl
      - pypi: https://files.pythonhosted.org/packages/8a/a1/8d812e53a5da1687abb10445275d41a8b13adb781bbf7196ddbcf8d88505/lazy_loader-0.5-py3-none-any.whl
      - pypi: https://files.pythonhosted.org/packages/2f/f5/d281ae0f79378a5a91f308ea9fdb9f9cc068fddd09629edc0725a5a8fde1/llvmlite-0.47.0-cp312-cp312-win_amd64.whl
      - pypi: https://files.pythonhosted.org/packages/b1/d0/337b3c49cbe742ab5c118d14730fbc7b14b57d1a130d4f39efaa9ec04226/logical_unification-0.4.7-py3-none-any.whl
      - pypi: https://files.pythonhosted.org/packages/b3/81/4da04ced5a082363ecfa159c010d200ecbd959ae410c10c0264a38cac0f5/markdown_it_py-4.2.0-py3-none-any.whl
      - pypi: https://files.pythonhosted.org/packages/04/a1/4571fc46e7702de8d0c2dc54ad1b2f8e29328dea3ee90831181f7353d93c/matplotlib-3.10.9-cp312-cp312-win_amd64.whl
      - pypi: https://files.pythonhosted.org/packages/b3/38/89ba8ad64ae25be8de66a6d463314cf1eb366222074cfda9ee839c56a4b4/mdurl-0.1.2-py3-none-any.whl
      - pypi: https://files.pythonhosted.org/packages/bb/02/5e9ae831946db26f172e03e896fe83b07c5ca643df2b32c1b81557f0e77f/minikanren-1.0.5-py3-none-any.whl
      - pypi: https://files.pythonhosted.org/packages/51/c0/00c9809d8b9346eb238a6bbd5f83e846a4ce4503da94a4c08cb7284c325b/multipledispatch-1.0.0-py3-none-any.whl
      - pypi: https://files.pythonhosted.org/packages/db/9e/3c679b2ee078425b9e99a91e44f8d132a6830d8ccce5227bc5e9181aeed8/numba-0.65.1-cp312-cp312-win_amd64.whl
      - pypi: https://files.pythonhosted.org/packages/3c/f0/cbf5d391b0b3a5e8cad264603e2fae256b0bde8ce43566b13b78faedc659/numpy-2.4.5-cp312-cp312-win_amd64.whl
      - pypi: https://files.pythonhosted.org/packages/df/b2/87e62e8c3e2f4b32e5fe99e0b86d576da1312593b39f47d8ceef365e95ed/packaging-26.2-py3-none-any.whl
      - pypi: https://files.pythonhosted.org/packages/b9/c5/fc1b368f303087d20e8c9bf3d6ceb186263cfac0ade735cd938538bea839/pandas-3.0.3-cp312-cp312-win_amd64.whl
      - pypi: https://files.pythonhosted.org/packages/5d/7b/25a221d2c761c6a8ae21bfa3874988ff2583e19cf8a27bf2fee358df7942/pillow-12.2.0-cp312-cp312-win_amd64.whl
      - pypi: https://files.pythonhosted.org/packages/f4/7e/a72dd26f3b0f4f2bf1dd8923c85f7ceb43172af56d63c7383eb62b332364/pygments-2.20.0-py3-none-any.whl
      - pypi: https://files.pythonhosted.org/packages/6a/51/24190be8c14571b2b8a7ab04f12e528ecaa33158b9aa03ae9f68e3e36d62/pymc-6.0.0-py3-none-any.whl
      - pypi: https://files.pythonhosted.org/packages/10/bd/c038d7cc38edc1aa5bf91ab8068b63d4308c66c4c8bb3cbba7dfbc049f9c/pyparsing-3.3.2-py3-none-any.whl
      - pypi: https://files.pythonhosted.org/packages/c0/67/10d61ec9db0ad8515835dfd835d72aefa2f6ed0d7dfbc04dfc178fc09f9d/pytensor-3.0.2-cp312-cp312-win_amd64.whl
      - pypi: https://files.pythonhosted.org/packages/ec/57/56b9bcc3c9c6a792fcbaf139543cee77261f3651ca9da0c93f5c1221264b/python_dateutil-2.9.0.post0-py2.py3-none-any.whl
      - pypi: https://files.pythonhosted.org/packages/82/3b/64d4899d73f91ba49a8c18a8ff3f0ea8f1c1d75481760df8c68ef5235bf5/rich-15.0.0-py3-none-any.whl
      - pypi: https://files.pythonhosted.org/packages/a2/84/dc08d77fbf3d87d3ee27f6a0c6dcce1de5829a64f2eae85a0ecc1f0daa73/scipy-1.17.1-cp312-cp312-win_amd64.whl
      - pypi: https://files.pythonhosted.org/packages/9d/76/f789f7a86709c6b087c5a2f52f911838cad707cc613162401badc665acfe/setuptools-82.0.1-py3-none-any.whl
      - pypi: https://files.pythonhosted.org/packages/b7/ce/149a00dd41f10bc29e5921b496af8b574d8413afcd5e30dfa0ed46c2cc5e/six-1.17.0-py2.py3-none-any.whl
      - pypi: https://files.pythonhosted.org/packages/32/d5/f9a850d79b0851d1d4ef6456097579a9005b31fea68726a4ae5f2d82ddd9/threadpoolctl-3.6.0-py3-none-any.whl
      - pypi: https://files.pythonhosted.org/packages/fb/12/5911ae3eeec47800503a238d971e51722ccea5feb8569b735184d5fcdbc0/toolz-1.1.0-py3-none-any.whl
      - pypi: https://files.pythonhosted.org/packages/18/67/36e9267722cc04a6b9f15c7f3441c2363321a3ea07da7ae0c0707beb2a9c/typing_extensions-4.15.0-py3-none-any.whl
      - pypi: https://files.pythonhosted.org/packages/ce/e4/dccd7f47c4b64213ac01ef921a1337ee6e30e8c6466046018326977efd95/tzdata-2026.2-py2.py3-none-any.whl
      - pypi: https://files.pythonhosted.org/packages/dc/83/6d810a8a9ebc9c307989b418840c20e46907c74d707beb67ab566773e6fc/xarray-2026.4.0-py3-none-any.whl
      - pypi: https://files.pythonhosted.org/packages/19/d4/225027a913621a879b429a043674aa35220e6ce67785acad4f7bd0c4ff33/xarray_einstats-0.10.0-py3-none-any.whl
packages:
- pypi: https://files.pythonhosted.org/packages/64/a8/c09fbe44b12fa919c5bfe0afb71e60d1231a7dc93405e54c30496c57c9d3/arviz-1.1.0-py3-none-any.whl
  name: arviz
  version: 1.1.0
  sha256: 87ebd21ce052f30d21f932b4166fc31b91c0bc7443f8da7fed3518b342267010
  requires_dist:
  - arviz-base>=1.1.0,<1.2.0
  - arviz-stats[xarray]>=1.1.0,<1.2.0
  - arviz-plots>=1.1.0,<1.2.0
  - arviz-plots[bokeh] ; extra == 'bokeh'
  - build ; extra == 'check'
  - pre-commit ; extra == 'check'
  - h5netcdf ; extra == 'doc'
  - h5py ; extra == 'doc'
  - jupyter-sphinx ; extra == 'doc'
  - matplotlib ; extra == 'doc'
  - myst-parser[linkify] ; extra == 'doc'
  - myst-nb ; extra == 'doc'
  - pydata-sphinx-theme>=0.13 ; extra == 'doc'
  - sphinx>=5 ; extra == 'doc'
  - sphinx-copybutton ; extra == 'doc'
  - sphinx-design ; extra == 'doc'
  - sphinx-notfound-page ; extra == 'doc'
  - sphinxcontrib-youtube ; extra == 'doc'
  - sphinx-togglebutton ; extra == 'doc'
  - sphobjinv ; extra == 'doc'
  - arviz-base[h5netcdf] ; extra == 'h5netcdf'
  - arviz-plots[matplotlib] ; extra == 'matplotlib'
  - arviz-base[netcdf4] ; extra == 'netcdf4'
  - arviz-plots[plotly] ; extra == 'plotly'
  - pytest ; extra == 'test'
  - arviz-base[zarr] ; extra == 'zarr'
  requires_python: '>=3.12'
- pypi: https://files.pythonhosted.org/packages/69/d1/705e6c19b437a4105bf3b9ae7945fcfc3ad2abb73d14bae0a3f2d58b305b/arviz_base-1.1.0-py3-none-any.whl
  name: arviz-base
  version: 1.1.0
  sha256: 4f97016f697751038f45d144331a1830c921f0ebc2739d5df343120fba453e83
  requires_dist:
  - numpy>=2
  - xarray>=2024.11.0
  - typing-extensions>=3.10
  - lazy-loader>=0.4
  - build ; extra == 'check'
  - pre-commit ; extra == 'check'
  - docstub==0.4 ; extra == 'check'
  - mypy ; extra == 'check'
  - pre-commit ; extra == 'ci'
  - cloudpickle ; extra == 'ci'
  - sphinx-book-theme ; extra == 'doc'
  - myst-parser[linkify] ; extra == 'doc'
  - myst-nb ; extra == 'doc'
  - sphinx-copybutton ; extra == 'doc'
  - numpydoc ; extra == 'doc'
  - sphinx>=5 ; extra == 'doc'
  - sphinx-design ; extra == 'doc'
  - jupyter-sphinx ; extra == 'doc'
  - h5netcdf[h5py] ; extra == 'doc'
  - h5netcdf[h5py] ; extra == 'h5netcdf'
  - netcdf4 ; extra == 'netcdf4'
  - xarray!=2025.8.0 ; extra == 'test'
  - pytest ; extra == 'test'
  - pytest-cov ; extra == 'test'
  - scipy ; extra == 'test'
  - zarr ; extra == 'zarr'
  requires_python: '>=3.12'
- pypi: https://files.pythonhosted.org/packages/2f/c8/005d1de3af80f54411703d1263a0b9d31276411ec9f273d9432c59b17299/arviz_plots-1.1.0-py3-none-any.whl
  name: arviz-plots
  version: 1.1.0
  sha256: 5c7ab5b0c7c29cda6ddb5e04c699c70285fe68a76d2b1b42302c69a85742adde
  requires_dist:
  - arviz-base>=1.1,<1.2
  - arviz-stats[xarray]>=1.1,<1.2
  - bokeh>=3.4 ; extra == 'bokeh'
  - sphinx-book-theme ; extra == 'doc'
  - myst-parser[linkify] ; extra == 'doc'
  - myst-nb ; extra == 'doc'
  - sphinx-copybutton ; extra == 'doc'
  - numpydoc ; extra == 'doc'
  - sphinx>=6 ; extra == 'doc'
  - sphinx-design ; extra == 'doc'
  - jupyter-sphinx ; extra == 'doc'
  - h5netcdf[h5py] ; extra == 'doc'
  - plotly<6 ; extra == 'doc'
  - matplotlib>=3.9 ; extra == 'matplotlib'
  - plotly>=5.19 ; extra == 'plotly'
  - webcolors ; extra == 'plotly'
  - hypothesis ; extra == 'test'
  - pytest ; extra == 'test'
  - pytest-cov ; extra == 'test'
  - h5netcdf[h5py] ; extra == 'test'
  - kaleido ; extra == 'test'
  requires_python: '>=3.12'
- pypi: https://files.pythonhosted.org/packages/0d/1f/d398de1612f7a611e22d743280339c9af4903675635e41be3370091c704b/arviz_stats-1.1.0-py3-none-any.whl
  name: arviz-stats
  version: 1.1.0
  sha256: ed47334ccff8670a0b90a50e1a37e7257268084eb3436e6b7b15e623f1001947
  requires_dist:
  - numpy>=2
  - scipy>=1.13
  - sphinx-book-theme ; extra == 'doc'
  - myst-parser[linkify] ; extra == 'doc'
  - myst-nb ; extra == 'doc'
  - sphinx-copybutton ; extra == 'doc'
  - numpydoc ; extra == 'doc'
  - sphinx<9 ; extra == 'doc'
  - sphinx-design ; extra == 'doc'
  - jupyter-sphinx ; extra == 'doc'
  - h5netcdf[h5py] ; extra == 'doc'
  - sphinx-autosummary-accessors ; extra == 'doc'
  - numba ; extra == 'numba'
  - xarray-einstats[einops,numba] ; extra == 'numba'
  - pytest ; extra == 'test'
  - pytest-cov ; extra == 'test'
  - pytest ; extra == 'test-xarray'
  - pytest-cov ; extra == 'test-xarray'
  - h5netcdf[h5py] ; extra == 'test-xarray'
  - arviz-base>=1.1,<1.2 ; extra == 'xarray'
  - xarray-einstats ; extra == 'xarray'
  - xarray>=2024.11.0 ; extra == 'xarray'
  requires_python: '>=3.12'
- conda: https://conda.anaconda.org/conda-forge/win-64/bzip2-1.0.8-h0ad9c76_9.conda
  sha256: 76dfb71df5e8d1c4eded2dbb5ba15bb8fb2e2b0fe42d94145d5eed4c75c35902
  md5: 4cb8e6b48f67de0b018719cdf1136306
  depends:
  - ucrt >=10.0.20348.0
  - vc >=14.3,<15
  - vc14_runtime >=14.44.35208
  license: bzip2-1.0.6
  license_family: BSD
  purls: []
  size: 56115
  timestamp: 1771350256444
- conda: https://conda.anaconda.org/conda-forge/noarch/ca-certificates-2026.4.22-h4c7d964_0.conda
  sha256: 6f4ff81534c19e76acf52fcabf4a258088a932b8f1ac56e9a59e98f6051f8e46
  md5: 56fb2c6c73efc627b40c77d14caecfba
  depends:
  - __win
  license: ISC
  purls: []
  size: 131388
  timestamp: 1776865633471
- pypi: https://files.pythonhosted.org/packages/90/45/f458fa2c388e79dd9d8b9b0c99f1d31b568f27388f2fdba7bb66bbc0c6ed/cachetools-6.2.6-py3-none-any.whl
  name: cachetools
  version: 6.2.6
  sha256: 8c9717235b3c651603fff0076db52d6acbfd1b338b8ed50256092f7ce9c85bda
  requires_python: '>=3.9'
- pypi: https://files.pythonhosted.org/packages/88/39/799be3f2f0f38cc727ee3b4f1445fe6d5e4133064ec2e4115069418a5bb6/cloudpickle-3.1.2-py3-none-any.whl
  name: cloudpickle
  version: 3.1.2
  sha256: 9acb47f6afd73f60dc1df93bb801b472f05ff42fa6c84167d25cb206be1fbf4a
  requires_python: '>=3.8'
- pypi: https://files.pythonhosted.org/packages/a5/9f/bffa3362895e5437d9d12e3bbd242f86d91af1d7cd26f6e14ebb6376581b/cons-0.4.7-py3-none-any.whl
  name: cons
  version: 0.4.7
  sha256: e38ee12cf703559ea744c94f725bee0e2329f32daf0249b49db1b0437cc6cb94
  requires_dist:
  - logical-unification>=0.4.0
  - pytest ; extra == 'test'
  requires_python: '>=3.9'
- pypi: https://files.pythonhosted.org/packages/19/e8/6026ed58a64563186a9ee3f29f41261fd1828f527dd93d33b60feca63352/contourpy-1.3.3-cp312-cp312-win_amd64.whl
  name: contourpy
  version: 1.3.3
  sha256: 8153b8bfc11e1e4d75bcb0bff1db232f9e10b274e0929de9d608027e0d34ff8b
  requires_dist:
  - numpy>=1.25
  - furo ; extra == 'docs'
  - sphinx>=7.2 ; extra == 'docs'
  - sphinx-copybutton ; extra == 'docs'
  - bokeh ; extra == 'bokeh'
  - selenium ; extra == 'bokeh'
  - contourpy[bokeh,docs] ; extra == 'mypy'
  - bokeh ; extra == 'mypy'
  - docutils-stubs ; extra == 'mypy'
  - mypy==1.17.0 ; extra == 'mypy'
  - types-pillow ; extra == 'mypy'
  - contourpy[test-no-images] ; extra == 'test'
  - matplotlib ; extra == 'test'
  - pillow ; extra == 'test'
  - pytest ; extra == 'test-no-images'
  - pytest-cov ; extra == 'test-no-images'
  - pytest-rerunfailures ; extra == 'test-no-images'
  - pytest-xdist ; extra == 'test-no-images'
  - wurlitzer ; extra == 'test-no-images'
  requires_python: '>=3.11'
- pypi: https://files.pythonhosted.org/packages/e7/05/c19819d5e3d95294a6f5947fb9b9629efb316b96de511b418c53d245aae6/cycler-0.12.1-py3-none-any.whl
  name: cycler
  version: 0.12.1
  sha256: 85cef7cff222d8644161529808465972e51340599459b8ac3ccbac5a854e0d30
  requires_dist:
  - ipython ; extra == 'docs'
  - matplotlib ; extra == 'docs'
  - numpydoc ; extra == 'docs'
  - sphinx ; extra == 'docs'
  - pytest ; extra == 'tests'
  - pytest-cov ; extra == 'tests'
  - pytest-xdist ; extra == 'tests'
  requires_python: '>=3.8'
- pypi: https://files.pythonhosted.org/packages/39/19/bf11636df040a9f9c3fd6959aedea5b5cfddd751272732278fb04ee0a78c/etuples-0.3.10-py3-none-any.whl
  name: etuples
  version: 0.3.10
  sha256: 4408c7940ef06af52dbbea0954a8a1817ed5750ce905ff48091ac3cd3aeb720b
  requires_dist:
  - cons
  - multipledispatch
  requires_python: '>=3.9'
- pypi: https://files.pythonhosted.org/packages/81/47/dd9a212ef6e343a6857485ffe25bba537304f1913bdbed446a23f7f592e1/filelock-3.29.0-py3-none-any.whl
  name: filelock
  version: 3.29.0
  sha256: 96f5f6344709aa1572bbf631c640e4ebeeb519e08da902c39a001882f30ac258
  requires_python: '>=3.10'
- pypi: https://files.pythonhosted.org/packages/87/36/cccb9bc2a6ab63d1b2980374f0dca72ce95ae267c9b4cfe77455bb70d0d4/fonttools-4.63.0-cp312-cp312-win_amd64.whl
  name: fonttools
  version: 4.63.0
  sha256: 59ac449f8cca9b4ffa08d2e7bbadad87ce710d69d1eda5c3c1ce579baa987272
  requires_dist:
  - lxml>=4.0 ; extra == 'lxml'
  - brotli>=1.0.1 ; platform_python_implementation == 'CPython' and extra == 'woff'
  - brotlicffi>=0.8.0 ; platform_python_implementation != 'CPython' and extra == 'woff'
  - zopfli>=0.1.4 ; extra == 'woff'
  - unicodedata2>=17.0.0 ; python_full_version < '3.15' and extra == 'unicode'
  - lz4>=1.7.4.2 ; extra == 'graphite'
  - scipy ; platform_python_implementation != 'PyPy' and extra == 'interpolatable'
  - munkres ; platform_python_implementation == 'PyPy' and extra == 'interpolatable'
  - pycairo ; extra == 'interpolatable'
  - matplotlib ; extra == 'plot'
  - sympy ; extra == 'symfont'
  - xattr ; sys_platform == 'darwin' and extra == 'type1'
  - skia-pathops>=0.5.0 ; extra == 'pathops'
  - uharfbuzz>=0.45.0 ; extra == 'repacker'
  - lxml>=4.0 ; extra == 'all'
  - brotli>=1.0.1 ; platform_python_implementation == 'CPython' and extra == 'all'
  - brotlicffi>=0.8.0 ; platform_python_implementation != 'CPython' and extra == 'all'
  - zopfli>=0.1.4 ; extra == 'all'
  - unicodedata2>=17.0.0 ; python_full_version < '3.15' and extra == 'all'
  - lz4>=1.7.4.2 ; extra == 'all'
  - scipy ; platform_python_implementation != 'PyPy' and extra == 'all'
  - munkres ; platform_python_implementation == 'PyPy' and extra == 'all'
  - pycairo ; extra == 'all'
  - matplotlib ; extra == 'all'
  - sympy ; extra == 'all'
  - xattr ; sys_platform == 'darwin' and extra == 'all'
  - skia-pathops>=0.5.0 ; extra == 'all'
  - uharfbuzz>=0.45.0 ; extra == 'all'
  requires_python: '>=3.10'
- pypi: https://files.pythonhosted.org/packages/ad/cf/0348374369ca588f8fe9c338fae49fa4e16eeb10ffb3d012f23a54578a9e/kiwisolver-1.5.0-cp312-cp312-win_amd64.whl
  name: kiwisolver
  version: 1.5.0
  sha256: f18c2d9782259a6dc132fdc7a63c168cbc74b35284b6d75c673958982a378384
  requires_python: '>=3.10'
- pypi: https://files.pythonhosted.org/packages/8a/a1/8d812e53a5da1687abb10445275d41a8b13adb781bbf7196ddbcf8d88505/lazy_loader-0.5-py3-none-any.whl
  name: lazy-loader
  version: '0.5'
  sha256: ab0ea149e9c554d4ffeeb21105ac60bed7f3b4fd69b1d2360a4add51b170b005
  requires_dist:
  - packaging
  - pytest>=8.0 ; extra == 'test'
  - pytest-cov>=5.0 ; extra == 'test'
  - coverage[toml]>=7.2 ; extra == 'test'
  - pre-commit==4.3.0 ; extra == 'lint'
  - changelist==0.5 ; extra == 'dev'
  - spin==0.15 ; extra == 'dev'
  requires_python: '>=3.9'
- conda: https://conda.anaconda.org/conda-forge/win-64/libexpat-2.8.0-hac47afa_0.conda
  sha256: 2d81d647c1f01108803457cac999b947456f44dd0a3c2325395677feacaeca67
  md5: 264e350e035092b5135a2147c238aec4
  depends:
  - ucrt >=10.0.20348.0
  - vc >=14.3,<15
  - vc14_runtime >=14.44.35208
  constrains:
  - expat 2.8.0.*
  license: MIT
  license_family: MIT
  purls: []
  size: 71094
  timestamp: 1777846223617
- conda: https://conda.anaconda.org/conda-forge/win-64/libffi-3.5.2-h3d046cb_0.conda
  sha256: 59d01f2dfa8b77491b5888a5ab88ff4e1574c9359f7e229da254cdfe27ddc190
  md5: 720b39f5ec0610457b725eb3f396219a
  depends:
  - ucrt >=10.0.20348.0
  - vc >=14.3,<15
  - vc14_runtime >=14.44.35208
  license: MIT
  license_family: MIT
  purls: []
  size: 45831
  timestamp: 1769456418774
- conda: https://conda.anaconda.org/conda-forge/win-64/liblzma-5.8.3-hfd05255_0.conda
  sha256: d636d1a25234063642f9c531a7bb58d84c1c496411280a36ea000bd122f078f1
  md5: 8f83619ab1588b98dd99c90b0bfc5c6d
  depends:
  - ucrt >=10.0.20348.0
  - vc >=14.3,<15
  - vc14_runtime >=14.44.35208
  constrains:
  - xz 5.8.3.*
  license: 0BSD
  purls: []
  size: 106486
  timestamp: 1775825663227
- conda: https://conda.anaconda.org/conda-forge/win-64/libsqlite-3.53.1-hf5d6505_0.conda
  sha256: e70562450332ca8954bc16f3455468cca5ef3695c7d7187ecc87f8fc3c70e9eb
  md5: 7fea434a17c323256acc510a041b80d7
  depends:
  - ucrt >=10.0.20348.0
  - vc >=14.3,<15
  - vc14_runtime >=14.44.35208
  license: blessing
  purls: []
  size: 1304178
  timestamp: 1777986510497
- conda: https://conda.anaconda.org/conda-forge/win-64/libzlib-1.3.2-hfd05255_2.conda
  sha256: 88609816e0cc7452bac637aaf65783e5edf4fee8a9f8e22bdc3a75882c536061
  md5: dbabbd6234dea34040e631f87676292f
  depends:
  - ucrt >=10.0.20348.0
  - vc >=14.3,<15
  - vc14_runtime >=14.44.35208
  constrains:
  - zlib 1.3.2 *_2
  license: Zlib
  license_family: Other
  purls: []
  size: 58347
  timestamp: 1774072851498
- pypi: https://files.pythonhosted.org/packages/2f/f5/d281ae0f79378a5a91f308ea9fdb9f9cc068fddd09629edc0725a5a8fde1/llvmlite-0.47.0-cp312-cp312-win_amd64.whl
  name: llvmlite
  version: 0.47.0
  sha256: f3079f25bdc24cd9d27c4b2b5e68f5f60c4fdb7e8ad5ee2b9b006007558f9df7
  requires_python: '>=3.10'
- pypi: https://files.pythonhosted.org/packages/b1/d0/337b3c49cbe742ab5c118d14730fbc7b14b57d1a130d4f39efaa9ec04226/logical_unification-0.4.7-py3-none-any.whl
  name: logical-unification
  version: 0.4.7
  sha256: 077f49e32693bc66a418f08c1de540f55b5a20f237ffb80ea85d99bfc6139c3b
  requires_dist:
  - toolz
  - multipledispatch
  - pytest ; extra == 'test'
  requires_python: '>=3.9'
- pypi: https://files.pythonhosted.org/packages/b3/81/4da04ced5a082363ecfa159c010d200ecbd959ae410c10c0264a38cac0f5/markdown_it_py-4.2.0-py3-none-any.whl
  name: markdown-it-py
  version: 4.2.0
  sha256: 9f7ebbcd14fe59494226453aed97c1070d83f8d24b6fc3a3bcf9a38092641c4a
  requires_dist:
  - mdurl~=0.1
  - psutil ; extra == 'benchmarking'
  - pytest ; extra == 'benchmarking'
  - pytest-benchmark ; extra == 'benchmarking'
  - commonmark~=0.9 ; extra == 'compare'
  - markdown~=3.4 ; extra == 'compare'
  - mistletoe~=1.0 ; extra == 'compare'
  - mistune~=3.0 ; extra == 'compare'
  - panflute~=2.3 ; extra == 'compare'
  - markdown-it-pyrs ; extra == 'compare'
  - linkify-it-py>=1,<3 ; extra == 'linkify'
  - mdit-py-plugins>=0.5.0 ; extra == 'plugins'
  - gprof2dot ; extra == 'profiling'
  - mdit-py-plugins>=0.5.0 ; extra == 'rtd'
  - myst-parser ; extra == 'rtd'
  - pyyaml ; extra == 'rtd'
  - sphinx ; extra == 'rtd'
  - sphinx-copybutton ; extra == 'rtd'
  - sphinx-design ; extra == 'rtd'
  - sphinx-book-theme~=1.0 ; extra == 'rtd'
  - jupyter-sphinx ; extra == 'rtd'
  - ipykernel ; extra == 'rtd'
  - coverage ; extra == 'testing'
  - pytest ; extra == 'testing'
  - pytest-cov ; extra == 'testing'
  - pytest-regressions ; extra == 'testing'
  - pytest-timeout ; extra == 'testing'
  - requests ; extra == 'testing'
  requires_python: '>=3.10'
- pypi: https://files.pythonhosted.org/packages/04/a1/4571fc46e7702de8d0c2dc54ad1b2f8e29328dea3ee90831181f7353d93c/matplotlib-3.10.9-cp312-cp312-win_amd64.whl
  name: matplotlib
  version: 3.10.9
  sha256: d091f9d758b34aaaaa6331d13574bf01891d903b3dec59bfff458ef7551de5d6
  requires_dist:
  - contourpy>=1.0.1
  - cycler>=0.10
  - fonttools>=4.22.0
  - kiwisolver>=1.3.1
  - numpy>=1.23
  - packaging>=20.0
  - pillow>=8
  - pyparsing>=3
  - python-dateutil>=2.7
  - meson-python>=0.13.1,<0.17.0 ; extra == 'dev'
  - pybind11>=2.13.2,!=2.13.3 ; extra == 'dev'
  - setuptools-scm>=7,<10 ; extra == 'dev'
  - setuptools>=64 ; extra == 'dev'
  requires_python: '>=3.10'
- pypi: https://files.pythonhosted.org/packages/b3/38/89ba8ad64ae25be8de66a6d463314cf1eb366222074cfda9ee839c56a4b4/mdurl-0.1.2-py3-none-any.whl
  name: mdurl
  version: 0.1.2
  sha256: 84008a41e51615a49fc9966191ff91509e3c40b939176e643fd50a5c2196b8f8
  requires_python: '>=3.7'
- pypi: https://files.pythonhosted.org/packages/bb/02/5e9ae831946db26f172e03e896fe83b07c5ca643df2b32c1b81557f0e77f/minikanren-1.0.5-py3-none-any.whl
  name: minikanren
  version: 1.0.5
  sha256: 22c24f4fdf009a56e30655787af45c90f0704bcc24e8d3e651378675b4bccb21
  requires_dist:
  - cons>=0.4.0
  - etuples>=0.3.1
  - logical-unification>=0.4.1
  - multipledispatch
  - toolz
  - typing-extensions
  requires_python: '>=3.9'
- pypi: https://files.pythonhosted.org/packages/51/c0/00c9809d8b9346eb238a6bbd5f83e846a4ce4503da94a4c08cb7284c325b/multipledispatch-1.0.0-py3-none-any.whl
  name: multipledispatch
  version: 1.0.0
  sha256: 0c53cd8b077546da4e48869f49b13164bebafd0c2a5afceb6bb6a316e7fb46e4
- pypi: https://files.pythonhosted.org/packages/db/9e/3c679b2ee078425b9e99a91e44f8d132a6830d8ccce5227bc5e9181aeed8/numba-0.65.1-cp312-cp312-win_amd64.whl
  name: numba
  version: 0.65.1
  sha256: 5971c632be2a2351500431f46213821dba8d02b18a9f7d02fd36bd2743e41a6a
  requires_dist:
  - llvmlite>=0.47.0.dev0,<0.48
  - numpy>=1.22
  - numpy>=1.22,<2.5
  requires_python: '>=3.10'
- pypi: https://files.pythonhosted.org/packages/3c/f0/cbf5d391b0b3a5e8cad264603e2fae256b0bde8ce43566b13b78faedc659/numpy-2.4.5-cp312-cp312-win_amd64.whl
  name: numpy
  version: 2.4.5
  sha256: 3333dba6a4e611d666f69e177ba8fe4140366ff681a5feb2374d3fd4fff3acb6
  requires_python: '>=3.11'
- conda: https://conda.anaconda.org/conda-forge/win-64/openssl-3.6.2-hf411b9b_0.conda
  sha256: feb5815125c60f2be4a411e532db1ed1cd2d7261a6a43c54cb6ae90724e2e154
  md5: 05c7d624cff49dbd8db1ad5ba537a8a3
  depends:
  - ca-certificates
  - ucrt >=10.0.20348.0
  - vc >=14.3,<15
  - vc14_runtime >=14.44.35208
  license: Apache-2.0
  license_family: Apache
  purls: []
  size: 9410183
  timestamp: 1775589779763
- pypi: https://files.pythonhosted.org/packages/df/b2/87e62e8c3e2f4b32e5fe99e0b86d576da1312593b39f47d8ceef365e95ed/packaging-26.2-py3-none-any.whl
  name: packaging
  version: '26.2'
  sha256: 5fc45236b9446107ff2415ce77c807cee2862cb6fac22b8a73826d0693b0980e
  requires_python: '>=3.8'
- pypi: https://files.pythonhosted.org/packages/b9/c5/fc1b368f303087d20e8c9bf3d6ceb186263cfac0ade735cd938538bea839/pandas-3.0.3-cp312-cp312-win_amd64.whl
  name: pandas
  version: 3.0.3
  sha256: c7be265b62cef88e253a941e4698604973736dcfe242fdb5198f0f7bc473cdcc
  requires_dist:
  - numpy>=1.26.0 ; python_full_version < '3.14'
  - numpy>=2.3.3 ; python_full_version >= '3.14'
  - python-dateutil>=2.8.2
  - tzdata ; sys_platform == 'win32'
  - tzdata ; sys_platform == 'emscripten'
  - hypothesis>=6.116.0 ; extra == 'test'
  - pytest>=8.3.4 ; extra == 'test'
  - pytest-xdist>=3.6.1 ; extra == 'test'
  - pyarrow>=13.0.0 ; extra == 'pyarrow'
  - bottleneck>=1.4.2 ; extra == 'performance'
  - numba>=0.60.0 ; extra == 'performance'
  - numexpr>=2.10.2 ; extra == 'performance'
  - scipy>=1.14.1 ; extra == 'computation'
  - xarray>=2024.10.0 ; extra == 'computation'
  - fsspec>=2024.10.0 ; extra == 'fss'
  - s3fs>=2024.10.0 ; extra == 'aws'
  - gcsfs>=2024.10.0 ; extra == 'gcp'
  - odfpy>=1.4.1 ; extra == 'excel'
  - openpyxl>=3.1.5 ; extra == 'excel'
  - python-calamine>=0.3.0 ; extra == 'excel'
  - pyxlsb>=1.0.10 ; extra == 'excel'
  - xlrd>=2.0.1 ; extra == 'excel'
  - xlsxwriter>=3.2.0 ; extra == 'excel'
  - pyarrow>=13.0.0 ; extra == 'parquet'
  - pyarrow>=13.0.0 ; extra == 'feather'
  - pyiceberg>=0.8.1 ; extra == 'iceberg'
  - tables>=3.10.1 ; extra == 'hdf5'
  - pyreadstat>=1.2.8 ; extra == 'spss'
  - sqlalchemy>=2.0.36 ; extra == 'postgresql'
  - psycopg2>=2.9.10 ; extra == 'postgresql'
  - adbc-driver-postgresql>=1.2.0 ; extra == 'postgresql'
  - sqlalchemy>=2.0.36 ; extra == 'mysql'
  - pymysql>=1.1.1 ; extra == 'mysql'
  - sqlalchemy>=2.0.36 ; extra == 'sql-other'
  - adbc-driver-postgresql>=1.2.0 ; extra == 'sql-other'
  - adbc-driver-sqlite>=1.2.0 ; extra == 'sql-other'
  - beautifulsoup4>=4.12.3 ; extra == 'html'
  - html5lib>=1.1 ; extra == 'html'
  - lxml>=5.3.0 ; extra == 'html'
  - lxml>=5.3.0 ; extra == 'xml'
  - matplotlib>=3.9.3 ; extra == 'plot'
  - jinja2>=3.1.5 ; extra == 'output-formatting'
  - tabulate>=0.9.0 ; extra == 'output-formatting'
  - pyqt5>=5.15.9 ; extra == 'clipboard'
  - qtpy>=2.4.2 ; extra == 'clipboard'
  - zstandard>=0.23.0 ; extra == 'compression'
  - pytz>=2020.1 ; extra == 'timezone'
  - adbc-driver-postgresql>=1.2.0 ; extra == 'all'
  - adbc-driver-sqlite>=1.2.0 ; extra == 'all'
  - beautifulsoup4>=4.12.3 ; extra == 'all'
  - bottleneck>=1.4.2 ; extra == 'all'
  - fastparquet>=2024.11.0 ; extra == 'all'
  - fsspec>=2024.10.0 ; extra == 'all'
  - gcsfs>=2024.10.0 ; extra == 'all'
  - html5lib>=1.1 ; extra == 'all'
  - hypothesis>=6.116.0 ; extra == 'all'
  - jinja2>=3.1.5 ; extra == 'all'
  - lxml>=5.3.0 ; extra == 'all'
  - matplotlib>=3.9.3 ; extra == 'all'
  - numba>=0.60.0 ; extra == 'all'
  - numexpr>=2.10.2 ; extra == 'all'
  - odfpy>=1.4.1 ; extra == 'all'
  - openpyxl>=3.1.5 ; extra == 'all'
  - psycopg2>=2.9.10 ; extra == 'all'
  - pyarrow>=13.0.0 ; extra == 'all'
  - pyiceberg>=0.8.1 ; extra == 'all'
  - pymysql>=1.1.1 ; extra == 'all'
  - pyqt5>=5.15.9 ; extra == 'all'
  - pyreadstat>=1.2.8 ; extra == 'all'
  - pytest>=8.3.4 ; extra == 'all'
  - pytest-xdist>=3.6.1 ; extra == 'all'
  - python-calamine>=0.3.0 ; extra == 'all'
  - pytz>=2020.1 ; extra == 'all'
  - pyxlsb>=1.0.10 ; extra == 'all'
  - qtpy>=2.4.2 ; extra == 'all'
  - scipy>=1.14.1 ; extra == 'all'
  - s3fs>=2024.10.0 ; extra == 'all'
  - sqlalchemy>=2.0.36 ; extra == 'all'
  - tables>=3.10.1 ; extra == 'all'
  - tabulate>=0.9.0 ; extra == 'all'
  - xarray>=2024.10.0 ; extra == 'all'
  - xlrd>=2.0.1 ; extra == 'all'
  - xlsxwriter>=3.2.0 ; extra == 'all'
  - zstandard>=0.23.0 ; extra == 'all'
  requires_python: '>=3.11'
- pypi: https://files.pythonhosted.org/packages/5d/7b/25a221d2c761c6a8ae21bfa3874988ff2583e19cf8a27bf2fee358df7942/pillow-12.2.0-cp312-cp312-win_amd64.whl
  name: pillow
  version: 12.2.0
  sha256: 7f84204dee22a783350679a0333981df803dac21a0190d706a50475e361c93f5
  requires_dist:
  - furo ; extra == 'docs'
  - olefile ; extra == 'docs'
  - sphinx>=8.2 ; extra == 'docs'
  - sphinx-autobuild ; extra == 'docs'
  - sphinx-copybutton ; extra == 'docs'
  - sphinx-inline-tabs ; extra == 'docs'
  - sphinxext-opengraph ; extra == 'docs'
  - olefile ; extra == 'fpx'
  - olefile ; extra == 'mic'
  - arro3-compute ; extra == 'test-arrow'
  - arro3-core ; extra == 'test-arrow'
  - nanoarrow ; extra == 'test-arrow'
  - pyarrow ; extra == 'test-arrow'
  - check-manifest ; extra == 'tests'
  - coverage>=7.4.2 ; extra == 'tests'
  - defusedxml ; extra == 'tests'
  - markdown2 ; extra == 'tests'
  - olefile ; extra == 'tests'
  - packaging ; extra == 'tests'
  - pyroma>=5 ; extra == 'tests'
  - pytest ; extra == 'tests'
  - pytest-cov ; extra == 'tests'
  - pytest-timeout ; extra == 'tests'
  - pytest-xdist ; extra == 'tests'
  - trove-classifiers>=2024.10.12 ; extra == 'tests'
  - defusedxml ; extra == 'xmp'
  requires_python: '>=3.10'
- pypi: https://files.pythonhosted.org/packages/f4/7e/a72dd26f3b0f4f2bf1dd8923c85f7ceb43172af56d63c7383eb62b332364/pygments-2.20.0-py3-none-any.whl
  name: pygments
  version: 2.20.0
  sha256: 81a9e26dd42fd28a23a2d169d86d7ac03b46e2f8b59ed4698fb4785f946d0176
  requires_dist:
  - colorama>=0.4.6 ; extra == 'windows-terminal'
  requires_python: '>=3.9'
- pypi: https://files.pythonhosted.org/packages/6a/51/24190be8c14571b2b8a7ab04f12e528ecaa33158b9aa03ae9f68e3e36d62/pymc-6.0.0-py3-none-any.whl
  name: pymc
  version: 6.0.0
  sha256: c5229e6654fcf6fb7d636e703b51e1b412cfc2b38981213f307c5c6bb9809c54
  requires_dist:
  - arviz>=1.1.0,<2.0
  - cachetools>=4.2.1,<7
  - cloudpickle
  - numpy>=1.25.0
  - pandas>=0.24.0
  - pytensor>=3.0.2,<3.1
  - rich>=13.7.1
  - scipy>=1.4.1
  - threadpoolctl>=3.1.0,<4.0.0
  - typing-extensions>=3.7.4
  - nutpie>=0.16.10,<1 ; extra == 'nutpie'
  requires_python: '>=3.12'
- pypi: https://files.pythonhosted.org/packages/10/bd/c038d7cc38edc1aa5bf91ab8068b63d4308c66c4c8bb3cbba7dfbc049f9c/pyparsing-3.3.2-py3-none-any.whl
  name: pyparsing
  version: 3.3.2
  sha256: 850ba148bd908d7e2411587e247a1e4f0327839c40e2e5e6d05a007ecc69911d
  requires_dist:
  - railroad-diagrams ; extra == 'diagrams'
  - jinja2 ; extra == 'diagrams'
  requires_python: '>=3.9'
- pypi: https://files.pythonhosted.org/packages/c0/67/10d61ec9db0ad8515835dfd835d72aefa2f6ed0d7dfbc04dfc178fc09f9d/pytensor-3.0.2-cp312-cp312-win_amd64.whl
  name: pytensor
  version: 3.0.2
  sha256: 2d03374f5068f95e6f59e9ecc2296257d01d041cdf3f945142a1489d78f09157
  requires_dist:
  - setuptools>=59.0.0
  - scipy>=1,<2
  - numpy>=2.0
  - numba>=0.58,<=0.65.1
  - filelock>=3.15
  - etuples
  - logical-unification
  - minikanren
  - cons
  - pytensor[jax] ; extra == 'complete'
  - pytensor[numba] ; extra == 'complete'
  - pytensor[complete] ; extra == 'development'
  - pytensor[tests] ; extra == 'development'
  - pytensor[rtd] ; extra == 'development'
  - pytest ; extra == 'tests'
  - pre-commit ; extra == 'tests'
  - pytest-cov>=2.6.1 ; extra == 'tests'
  - coverage>=5.1 ; extra == 'tests'
  - pytest-benchmark ; extra == 'tests'
  - pytest-mock ; extra == 'tests'
  - pytest-sphinx ; extra == 'tests'
  - sphinx>=5.1.0,<6 ; extra == 'rtd'
  - pygments ; extra == 'rtd'
  - pydot ; extra == 'rtd'
  - jax ; extra == 'jax'
  - jaxlib ; extra == 'jax'
  - numba>=0.58,<=0.65.1 ; extra == 'numba'
  - llvmlite ; extra == 'numba'
  requires_python: '>=3.11,<3.15'
- conda: https://conda.anaconda.org/conda-forge/win-64/python-3.12.13-h0159041_0_cpython.conda
  sha256: a02b446d8b7b167b61733a3de3be5de1342250403e72a63b18dac89e99e6180e
  md5: 2956dff38eb9f8332ad4caeba941cfe7
  depends:
  - bzip2 >=1.0.8,<2.0a0
  - libexpat >=2.7.4,<3.0a0
  - libffi >=3.5.2,<3.6.0a0
  - liblzma >=5.8.2,<6.0a0
  - libsqlite >=3.51.2,<4.0a0
  - libzlib >=1.3.1,<2.0a0
  - openssl >=3.5.5,<4.0a0
  - tk >=8.6.13,<8.7.0a0
  - tzdata
  - ucrt >=10.0.20348.0
  - vc >=14.3,<15
  - vc14_runtime >=14.44.35208
  constrains:
  - python_abi 3.12.* *_cp312
  license: Python-2.0
  purls: []
  size: 15840187
  timestamp: 1772728877265
- pypi: https://files.pythonhosted.org/packages/ec/57/56b9bcc3c9c6a792fcbaf139543cee77261f3651ca9da0c93f5c1221264b/python_dateutil-2.9.0.post0-py2.py3-none-any.whl
  name: python-dateutil
  version: 2.9.0.post0
  sha256: a8b2bc7bffae282281c8140a97d3aa9c14da0b136dfe83f850eea9a5f7470427
  requires_dist:
  - six>=1.5
  requires_python: '>=2.7,!=3.0.*,!=3.1.*,!=3.2.*'
- pypi: https://files.pythonhosted.org/packages/82/3b/64d4899d73f91ba49a8c18a8ff3f0ea8f1c1d75481760df8c68ef5235bf5/rich-15.0.0-py3-none-any.whl
  name: rich
  version: 15.0.0
  sha256: 33bd4ef74232fb73fe9279a257718407f169c09b78a87ad3d296f548e27de0bb
  requires_dist:
  - ipywidgets>=7.5.1,<9 ; extra == 'jupyter'
  - markdown-it-py>=2.2.0
  - pygments>=2.13.0,<3.0.0
  requires_python: '>=3.9.0'
- pypi: https://files.pythonhosted.org/packages/a2/84/dc08d77fbf3d87d3ee27f6a0c6dcce1de5829a64f2eae85a0ecc1f0daa73/scipy-1.17.1-cp312-cp312-win_amd64.whl
  name: scipy
  version: 1.17.1
  sha256: 41b71f4a3a4cab9d366cd9065b288efc4d4f3c0b37a91a8e0947fb5bd7f31d87
  requires_dist:
  - numpy>=1.26.4,<2.7
  - pytest>=8.0.0 ; extra == 'test'
  - pytest-cov ; extra == 'test'
  - pytest-timeout ; extra == 'test'
  - pytest-xdist ; extra == 'test'
  - asv ; extra == 'test'
  - mpmath ; extra == 'test'
  - gmpy2 ; extra == 'test'
  - threadpoolctl ; extra == 'test'
  - scikit-umfpack ; extra == 'test'
  - pooch ; extra == 'test'
  - hypothesis>=6.30 ; extra == 'test'
  - array-api-strict>=2.3.1 ; extra == 'test'
  - cython ; extra == 'test'
  - meson ; extra == 'test'
  - ninja ; sys_platform != 'emscripten' and extra == 'test'
  - sphinx>=5.0.0,<8.2.0 ; extra == 'doc'
  - intersphinx-registry ; extra == 'doc'
  - pydata-sphinx-theme>=0.15.2 ; extra == 'doc'
  - sphinx-copybutton ; extra == 'doc'
  - sphinx-design>=0.4.0 ; extra == 'doc'
  - matplotlib>=3.5 ; extra == 'doc'
  - numpydoc ; extra == 'doc'
  - jupytext ; extra == 'doc'
  - myst-nb>=1.2.0 ; extra == 'doc'
  - pooch ; extra == 'doc'
  - jupyterlite-sphinx>=0.19.1 ; extra == 'doc'
  - jupyterlite-pyodide-kernel ; extra == 'doc'
  - linkify-it-py ; extra == 'doc'
  - tabulate ; extra == 'doc'
  - click<8.3.0 ; extra == 'dev'
  - spin ; extra == 'dev'
  - mypy==1.10.0 ; extra == 'dev'
  - typing-extensions ; extra == 'dev'
  - types-psutil ; extra == 'dev'
  - pycodestyle ; extra == 'dev'
  - ruff>=0.12.0 ; extra == 'dev'
  - cython-lint>=0.12.2 ; extra == 'dev'
  requires_python: '>=3.11'
- pypi: https://files.pythonhosted.org/packages/9d/76/f789f7a86709c6b087c5a2f52f911838cad707cc613162401badc665acfe/setuptools-82.0.1-py3-none-any.whl
  name: setuptools
  version: 82.0.1
  sha256: a59e362652f08dcd477c78bb6e7bd9d80a7995bc73ce773050228a348ce2e5bb
  requires_dist:
  - pytest>=6,!=8.1.* ; extra == 'test'
  - virtualenv>=13.0.0 ; extra == 'test'
  - wheel>=0.44.0 ; extra == 'test'
  - pip>=19.1 ; extra == 'test'
  - packaging>=24.2 ; extra == 'test'
  - jaraco-envs>=2.2 ; extra == 'test'
  - pytest-xdist>=3 ; extra == 'test'
  - jaraco-path>=3.7.2 ; extra == 'test'
  - build[virtualenv]>=1.0.3 ; extra == 'test'
  - filelock>=3.4.0 ; extra == 'test'
  - ini2toml[lite]>=0.14 ; extra == 'test'
  - tomli-w>=1.0.0 ; extra == 'test'
  - pytest-timeout ; extra == 'test'
  - pytest-perf ; sys_platform != 'cygwin' and extra == 'test'
  - jaraco-develop>=7.21 ; python_full_version >= '3.9' and sys_platform != 'cygwin' and extra == 'test'
  - pytest-home>=0.5 ; extra == 'test'
  - pytest-subprocess ; extra == 'test'
  - pyproject-hooks!=1.1 ; extra == 'test'
  - jaraco-test>=5.5 ; extra == 'test'
  - sphinx>=3.5 ; extra == 'doc'
  - jaraco-packaging>=9.3 ; extra == 'doc'
  - rst-linker>=1.9 ; extra == 'doc'
  - furo ; extra == 'doc'
  - sphinx-lint ; extra == 'doc'
  - jaraco-tidelift>=1.4 ; extra == 'doc'
  - pygments-github-lexers==0.0.5 ; extra == 'doc'
  - sphinx-favicon ; extra == 'doc'
  - sphinx-inline-tabs ; extra == 'doc'
  - sphinx-reredirects ; extra == 'doc'
  - sphinxcontrib-towncrier ; extra == 'doc'
  - sphinx-notfound-page>=1,<2 ; extra == 'doc'
  - pyproject-hooks!=1.1 ; extra == 'doc'
  - towncrier<24.7 ; extra == 'doc'
  - packaging>=24.2 ; extra == 'core'
  - more-itertools>=8.8 ; extra == 'core'
  - jaraco-text>=3.7 ; extra == 'core'
  - importlib-metadata>=6 ; python_full_version < '3.10' and extra == 'core'
  - tomli>=2.0.1 ; python_full_version < '3.11' and extra == 'core'
  - wheel>=0.43.0 ; extra == 'core'
  - jaraco-functools>=4 ; extra == 'core'
  - more-itertools ; extra == 'core'
  - pytest-checkdocs>=2.4 ; extra == 'check'
  - pytest-ruff>=0.2.1 ; sys_platform != 'cygwin' and extra == 'check'
  - ruff>=0.13.0 ; sys_platform != 'cygwin' and extra == 'check'
  - pytest-cov ; extra == 'cover'
  - pytest-enabler>=2.2 ; extra == 'enabler'
  - pytest-mypy ; extra == 'type'
  - mypy==1.18.* ; extra == 'type'
  - importlib-metadata>=7.0.2 ; python_full_version < '3.10' and extra == 'type'
  - jaraco-develop>=7.21 ; sys_platform != 'cygwin' and extra == 'type'
  requires_python: '>=3.9'
- pypi: https://files.pythonhosted.org/packages/b7/ce/149a00dd41f10bc29e5921b496af8b574d8413afcd5e30dfa0ed46c2cc5e/six-1.17.0-py2.py3-none-any.whl
  name: six
  version: 1.17.0
  sha256: 4721f391ed90541fddacab5acf947aa0d3dc7d27b2e1e8eda2be8970586c3274
  requires_python: '>=2.7,!=3.0.*,!=3.1.*,!=3.2.*'
- pypi: https://files.pythonhosted.org/packages/32/d5/f9a850d79b0851d1d4ef6456097579a9005b31fea68726a4ae5f2d82ddd9/threadpoolctl-3.6.0-py3-none-any.whl
  name: threadpoolctl
  version: 3.6.0
  sha256: 43a0b8fd5a2928500110039e43a5eed8480b918967083ea48dc3ab9f13c4a7fb
  requires_python: '>=3.9'
- conda: https://conda.anaconda.org/conda-forge/win-64/tk-8.6.13-h6ed50ae_3.conda
  sha256: 0e79810fae28f3b69fe7391b0d43f5474d6bd91d451d5f2bde02f55ae481d5e3
  md5: 0481bfd9814bf525bd4b3ee4b51494c4
  depends:
  - ucrt >=10.0.20348.0
  - vc >=14.3,<15
  - vc14_runtime >=14.44.35208
  license: TCL
  license_family: BSD
  purls: []
  size: 3526350
  timestamp: 1769460339384
- pypi: https://files.pythonhosted.org/packages/fb/12/5911ae3eeec47800503a238d971e51722ccea5feb8569b735184d5fcdbc0/toolz-1.1.0-py3-none-any.whl
  name: toolz
  version: 1.1.0
  sha256: 15ccc861ac51c53696de0a5d6d4607f99c210739caf987b5d2054f3efed429d8
  requires_python: '>=3.9'
- pypi: https://files.pythonhosted.org/packages/18/67/36e9267722cc04a6b9f15c7f3441c2363321a3ea07da7ae0c0707beb2a9c/typing_extensions-4.15.0-py3-none-any.whl
  name: typing-extensions
  version: 4.15.0
  sha256: f0fa19c6845758ab08074a0cfa8b7aecb71c999ca73d62883bc25cc018c4e548
  requires_python: '>=3.9'
- pypi: https://files.pythonhosted.org/packages/ce/e4/dccd7f47c4b64213ac01ef921a1337ee6e30e8c6466046018326977efd95/tzdata-2026.2-py2.py3-none-any.whl
  name: tzdata
  version: '2026.2'
  sha256: bbe9af844f658da81a5f95019480da3a89415801f6cc966806612cc7169bffe7
  requires_python: '>=2'
- conda: https://conda.anaconda.org/conda-forge/noarch/tzdata-2025c-hc9c84f9_1.conda
  sha256: 1d30098909076af33a35017eed6f2953af1c769e273a0626a04722ac4acaba3c
  md5: ad659d0a2b3e47e38d829aa8cad2d610
  license: LicenseRef-Public-Domain
  purls: []
  size: 119135
  timestamp: 1767016325805
- conda: https://conda.anaconda.org/conda-forge/win-64/ucrt-10.0.26100.0-h57928b3_0.conda
  sha256: 3005729dce6f3d3f5ec91dfc49fc75a0095f9cd23bab49efb899657297ac91a5
  md5: 71b24316859acd00bdb8b38f5e2ce328
  constrains:
  - vc14_runtime >=14.29.30037
  - vs2015_runtime >=14.29.30037
  license: LicenseRef-MicrosoftWindowsSDK10
  purls: []
  size: 694692
  timestamp: 1756385147981
- conda: https://conda.anaconda.org/conda-forge/win-64/vc-14.5-h1b7c187_36.conda
  sha256: dbcbad366e38979ac8ca9efb0ec48e5fedf9ce76f9485120c131cab7315c681c
  md5: 10eac3d81ceea1be614f1d90045c7e9b
  depends:
  - vc14_runtime >=14.51.36231
  track_features:
  - vc14
  license: BSD-3-Clause
  license_family: BSD
  purls: []
  size: 20260
  timestamp: 1779061872533
- conda: https://conda.anaconda.org/conda-forge/win-64/vc14_runtime-14.51.36231-h1b9f54f_36.conda
  sha256: e6f48954124c4f9419e50b3de7cb4b88f3a6078bf3616e997ea60144d499aa30
  md5: df9d8c15f117f28087b4aa6efa529a56
  depends:
  - ucrt >=10.0.20348.0
  - vcomp14 14.51.36231 h1b9f54f_36
  constrains:
  - vs2015_runtime 14.51.36231.* *_36
  license: LicenseRef-MicrosoftVisualCpp2015-2022Runtime
  license_family: Proprietary
  purls: []
  size: 739707
  timestamp: 1779061867466
- conda: https://conda.anaconda.org/conda-forge/win-64/vcomp14-14.51.36231-h1b9f54f_36.conda
  sha256: bba3bcaf805eefd0aa14beb3d08a34a81d5d36e6890bd6ce33fcb968429a3bc7
  md5: d929e2c56341be7ae1bd9a77a9b535c2
  depends:
  - ucrt >=10.0.20348.0
  constrains:
  - vs2015_runtime 14.51.36231.* *_36
  license: LicenseRef-MicrosoftVisualCpp2015-2022Runtime
  license_family: Proprietary
  purls: []
  size: 124124
  timestamp: 1779061850036
- pypi: https://files.pythonhosted.org/packages/dc/83/6d810a8a9ebc9c307989b418840c20e46907c74d707beb67ab566773e6fc/xarray-2026.4.0-py3-none-any.whl
  name: xarray
  version: 2026.4.0
  sha256: d43751d9fb4a90f9249c30431684f00c41bc874f1edccd862631a40cbc0edf08
  requires_dist:
  - numpy>=1.26
  - packaging>=24.2
  - pandas>=2.2
  - scipy>=1.15 ; extra == 'accel'
  - bottleneck ; extra == 'accel'
  - numbagg>=0.9 ; extra == 'accel'
  - numba>=0.62 ; extra == 'accel'
  - flox>=0.10 ; extra == 'accel'
  - opt-einsum ; extra == 'accel'
  - xarray[accel,etc,io,parallel,viz] ; extra == 'complete'
  - netcdf4>=1.6.0 ; extra == 'io'
  - h5netcdf[h5py]>=1.5.0 ; extra == 'io'
  - pydap ; extra == 'io'
  - scipy>=1.15 ; extra == 'io'
  - zarr>=3.0 ; extra == 'io'
  - fsspec ; extra == 'io'
  - cftime ; extra == 'io'
  - pooch ; extra == 'io'
  - sparse>=0.15 ; extra == 'etc'
  - dask[complete] ; extra == 'parallel'
  - cartopy>=0.24 ; extra == 'viz'
  - matplotlib>=3.10 ; extra == 'viz'
  - nc-time-axis ; extra == 'viz'
  - seaborn ; extra == 'viz'
  - pandas-stubs ; extra == 'types'
  - scipy-stubs ; extra == 'types'
  - types-colorama ; extra == 'types'
  - types-decorator ; extra == 'types'
  - types-defusedxml ; extra == 'types'
  - types-docutils ; extra == 'types'
  - types-networkx ; extra == 'types'
  - types-openpyxl ; extra == 'types'
  - types-pexpect ; extra == 'types'
  - types-psutil ; extra == 'types'
  - types-pycurl ; extra == 'types'
  - types-pygments ; extra == 'types'
  - types-python-dateutil ; extra == 'types'
  - types-pytz ; extra == 'types'
  - types-pyyaml ; extra == 'types'
  - types-requests ; extra == 'types'
  - types-setuptools ; extra == 'types'
  - types-xlrd ; extra == 'types'
  requires_python: '>=3.11'
- pypi: https://files.pythonhosted.org/packages/19/d4/225027a913621a879b429a043674aa35220e6ce67785acad4f7bd0c4ff33/xarray_einstats-0.10.0-py3-none-any.whl
  name: xarray-einstats
  version: 0.10.0
  sha256: fa3169b46cee29092db820d8bbc203148bada4fc970ee75e62cbf3dd7c5a8945
  requires_dist:
  - numpy>=2.0
  - scipy>=1.13
  - xarray>=2024.2.0
  - furo ; extra == 'doc'
  - myst-parser[linkify] ; extra == 'doc'
  - myst-nb ; extra == 'doc'
  - sphinx-copybutton ; extra == 'doc'
  - numpydoc ; extra == 'doc'
  - sphinx>=5 ; extra == 'doc'
  - jupyter-sphinx ; extra == 'doc'
  - sphinx-design ; extra == 'doc'
  - watermark ; extra == 'doc'
  - matplotlib ; extra == 'doc'
  - sphinx-togglebutton ; extra == 'doc'
  - einops ; extra == 'einops'
  - numba>=0.55 ; extra == 'numba'
  - hypothesis ; extra == 'test'
  - pytest ; extra == 'test'
  - pytest-cov ; extra == 'test'
  - packaging ; extra == 'test'
  - scipy>=1.15 ; extra == 'test'
  - preliz>=0.19 ; extra == 'test'
  requires_python: '>=3.12'
